
Microsoft Visual Studio Solution File, Format Version 12.00
# Visual Studio Version 16
VisualStudioVersion = 16.0.30804.86
MinimumVisualStudioVersion = 10.0.40219.1
Project("{FAE04EC0-301F-11D3-BF4B-00C04F79EFBC}") = "DockerTest", "DockerTest\DockerTest.csproj", "{8BA17ED6-EBF5-4108-B78E-6D405F0FF18D}"
EndProject
Global
	GlobalSection(SolutionConfigurationPlatforms) = preSolution
		Debug|Any CPU = Debug|Any CPU
		Release|Any CPU = Release|Any CPU
	EndGlobalSection
	GlobalSection(ProjectConfigurationPlatforms) = postSolution
		{8BA17ED6-EBF5-4108-B78E-6D405F0FF18D}.Debug|Any CPU.ActiveCfg = Debug|Any CPU
		{8BA17ED6-EBF5-4108-B78E-6D405F0FF18D}.Debug|Any CPU.Build.0 = Debug|Any CPU
		{8BA17ED6-EBF5-4108-B78E-6D405F0FF18D}.Release|Any CPU.ActiveCfg = Release|Any CPU
		{8BA17ED6-EBF5-4108-B78E-6D405F0FF18D}.Release|Any CPU.Build.0 = Release|Any CPU
	EndGlobalSection
	GlobalSection(SolutionProperties) = preSolution
		HideSolutionNode = FALSE
	EndGlobalSection
	GlobalSection(ExtensibilityGlobals) = postSolution
		SolutionGuid = {B5F96810-33B0-47CF-AD56-6A40DEBFD207}
	EndGlobalSection
EndGlobal
